
Microsoft Visual Studio Solution File, Format Version 12.00
Project("{FAE04EC0-301F-11D3-BF4B-00C04F79EFBC}") = "CISpyUtility", "CISpyUtility\CISpyUtility.csproj", "{18102B22-0C6A-4B22-BA61-9FD650364BFE}"
EndProject
Global
	GlobalSection(SolutionConfigurationPlatforms) = preSolution
		Debug|Any CPU = Debug|Any CPU
		Release|Any CPU = Release|Any CPU
	EndGlobalSection
	GlobalSection(ProjectConfigurationPlatforms) = postSolution
		{18102B22-0C6A-4B22-BA61-9FD650364BFE}.Debug|Any CPU.ActiveCfg = Debug|Any CPU
		{18102B22-0C6A-4B22-BA61-9FD650364BFE}.Debug|Any CPU.Build.0 = Debug|Any CPU
		{18102B22-0C6A-4B22-BA61-9FD650364BFE}.Release|Any CPU.ActiveCfg = Release|Any CPU
		{18102B22-0C6A-4B22-BA61-9FD650364BFE}.Release|Any CPU.Build.0 = Release|Any CPU
	EndGlobalSection
EndGlobal
